
Microsoft Visual Studio Solution File, Format Version 12.00
# Visual Studio Version 16
VisualStudioVersion = 16.0.30523.141
MinimumVisualStudioVersion = 10.0.40219.1
Project("{FAE04EC0-301F-11D3-BF4B-00C04F79EFBC}") = "Malom", "Malom\Malom.csproj", "{37BB88EC-794C-416C-A60C-0EC11D93296B}"
EndProject
Global
	GlobalSection(SolutionConfigurationPlatforms) = preSolution
		Debug|Any CPU = Debug|Any CPU
		Release|Any CPU = Release|Any CPU
	EndGlobalSection
	GlobalSection(ProjectConfigurationPlatforms) = postSolution
		{37BB88EC-794C-416C-A60C-0EC11D93296B}.Debug|Any CPU.ActiveCfg = Debug|Any CPU
		{37BB88EC-794C-416C-A60C-0EC11D93296B}.Debug|Any CPU.Build.0 = Debug|Any CPU
		{37BB88EC-794C-416C-A60C-0EC11D93296B}.Release|Any CPU.ActiveCfg = Release|Any CPU
		{37BB88EC-794C-416C-A60C-0EC11D93296B}.Release|Any CPU.Build.0 = Release|Any CPU
	EndGlobalSection
	GlobalSection(SolutionProperties) = preSolution
		HideSolutionNode = FALSE
	EndGlobalSection
	GlobalSection(ExtensibilityGlobals) = postSolution
		SolutionGuid = {9F94E612-FC2F-4FBA-947A-0CE4622FA5A2}
	EndGlobalSection
EndGlobal
